NeoBundleLock neobundle.vim 26d03781886ed887e390d4ad8b935987754b1c2c
NeoBundleLock vim-airline b9f55455fb50234b3f2ac86f5d70607efade31bd
NeoBundleLock vim-airline-themes 4b7f77e770a2165726072a2b6f109f2457783080
NeoBundleLock vim-gitgutter 37bdd03d176c5e182c7e8dbdc79c3f71d2a04898
NeoBundleLock vim-swift 19bbb5e1f9fc049e799f7a62e14933602f06d363
